
Microsoft Visual Studio Solution File, Format Version 12.00
# Visual Studio 15
VisualStudioVersion = 15.0.28307.421
MinimumVisualStudioVersion = 10.0.40219.1
Project("{FAE04EC0-301F-11D3-BF4B-00C04F79EFBC}") = "Class_Uygulamasi", "WindowsFormsApp2\Class_Uygulamasi.csproj", "{2D8E1636-56A4-49E2-9532-65563DC2AC4D}"
EndProject
Global
	GlobalSection(SolutionConfigurationPlatforms) = preSolution
		Debug|Any CPU = Debug|Any CPU
		Release|Any CPU = Release|Any CPU
	EndGlobalSection
	GlobalSection(ProjectConfigurationPlatforms) = postSolution
		{2D8E1636-56A4-49E2-9532-65563DC2AC4D}.Debug|Any CPU.ActiveCfg = Debug|Any CPU
		{2D8E1636-56A4-49E2-9532-65563DC2AC4D}.Debug|Any CPU.Build.0 = Debug|Any CPU
		{2D8E1636-56A4-49E2-9532-65563DC2AC4D}.Release|Any CPU.ActiveCfg = Release|Any CPU
		{2D8E1636-56A4-49E2-9532-65563DC2AC4D}.Release|Any CPU.Build.0 = Release|Any CPU
	EndGlobalSection
	GlobalSection(SolutionProperties) = preSolution
		HideSolutionNode = FALSE
	EndGlobalSection
	GlobalSection(ExtensibilityGlobals) = postSolution
		SolutionGuid = {129A8876-110C-4DF5-B4C1-578CB9AE1C9C}
	EndGlobalSection
EndGlobal
