
Microsoft Visual Studio Solution File, Format Version 12.00
# Visual Studio 15
VisualStudioVersion = 15.0.28307.421
MinimumVisualStudioVersion = 10.0.40219.1
Project("{FAE04EC0-301F-11D3-BF4B-00C04F79EFBC}") = "Referansli_Class_Uygulamasi", "WindowsFormsApp1\Referansli_Class_Uygulamasi.csproj", "{5D46DBD0-50BD-43B9-8702-1CC814EC9029}"
EndProject
Project("{FAE04EC0-301F-11D3-BF4B-00C04F79EFBC}") = "Ev", "Ev\Ev.csproj", "{7483CCD9-D365-48B3-A2DB-1E50FCBE765E}"
EndProject
Global
	GlobalSection(SolutionConfigurationPlatforms) = preSolution
		Debug|Any CPU = Debug|Any CPU
		Release|Any CPU = Release|Any CPU
	EndGlobalSection
	GlobalSection(ProjectConfigurationPlatforms) = postSolution
		{5D46DBD0-50BD-43B9-8702-1CC814EC9029}.Debug|Any CPU.ActiveCfg = Debug|Any CPU
		{5D46DBD0-50BD-43B9-8702-1CC814EC9029}.Debug|Any CPU.Build.0 = Debug|Any CPU
		{5D46DBD0-50BD-43B9-8702-1CC814EC9029}.Release|Any CPU.ActiveCfg = Release|Any CPU
		{5D46DBD0-50BD-43B9-8702-1CC814EC9029}.Release|Any CPU.Build.0 = Release|Any CPU
		{7483CCD9-D365-48B3-A2DB-1E50FCBE765E}.Debug|Any CPU.ActiveCfg = Debug|Any CPU
		{7483CCD9-D365-48B3-A2DB-1E50FCBE765E}.Debug|Any CPU.Build.0 = Debug|Any CPU
		{7483CCD9-D365-48B3-A2DB-1E50FCBE765E}.Release|Any CPU.ActiveCfg = Release|Any CPU
		{7483CCD9-D365-48B3-A2DB-1E50FCBE765E}.Release|Any CPU.Build.0 = Release|Any CPU
	EndGlobalSection
	GlobalSection(SolutionProperties) = preSolution
		HideSolutionNode = FALSE
	EndGlobalSection
	GlobalSection(ExtensibilityGlobals) = postSolution
		SolutionGuid = {57B38FD7-8E1F-4E85-AD33-D9A866640349}
	EndGlobalSection
EndGlobal
